{
  "name": "techtalk-2018-09-28",
  "version": "1.0.0",
  "lockfileVersion": 1,
  "requires": true,
  "dependencies": {
    "typescript": {
      "version": "3.1.0-dev.20180925",
      "resolved": "https://registry.npmjs.org/typescript/-/typescript-3.1.0-dev.20180925.tgz",
      "integrity": "sha512-/e/T1trdDXoRUysMuoo0flJEviH3ChMZCVif2PmAcJ7K1FdiwQsPcjCAR8VhWI0Va/S6vIShjiy/IkRfxUlqGw=="
    }
  }
}
